
Microsoft Visual Studio Solution File, Format Version 12.00
# Visual Studio 15
VisualStudioVersion = 15.0.28010.2036
MinimumVisualStudioVersion = 10.0.40219.1
Project("{FAE04EC0-301F-11D3-BF4B-00C04F79EFBC}") = "WebApplicationCRUD", "WebApplicationCRUD\WebApplicationCRUD.csproj", "{B9509C6B-5196-4936-AD33-2AB7652E5690}"
EndProject
Global
	GlobalSection(SolutionConfigurationPlatforms) = preSolution
		Debug|Any CPU = Debug|Any CPU
		Release|Any CPU = Release|Any CPU
	EndGlobalSection
	GlobalSection(ProjectConfigurationPlatforms) = postSolution
		{B9509C6B-5196-4936-AD33-2AB7652E5690}.Debug|Any CPU.ActiveCfg = Debug|Any CPU
		{B9509C6B-5196-4936-AD33-2AB7652E5690}.Debug|Any CPU.Build.0 = Debug|Any CPU
		{B9509C6B-5196-4936-AD33-2AB7652E5690}.Release|Any CPU.ActiveCfg = Release|Any CPU
		{B9509C6B-5196-4936-AD33-2AB7652E5690}.Release|Any CPU.Build.0 = Release|Any CPU
	EndGlobalSection
	GlobalSection(SolutionProperties) = preSolution
		HideSolutionNode = FALSE
	EndGlobalSection
	GlobalSection(ExtensibilityGlobals) = postSolution
		SolutionGuid = {29B8E048-F045-42EB-A4E7-722DBB4102F9}
	EndGlobalSection
EndGlobal
