
Microsoft Visual Studio Solution File, Format Version 12.00
# Visual Studio 15
VisualStudioVersion = 15.0.26730.16
MinimumVisualStudioVersion = 10.0.40219.1
Project("{FAE04EC0-301F-11D3-BF4B-00C04F79EFBC}") = "CircleArea", "CircleArea\CircleArea.csproj", "{D0C43E8F-2FCA-4AF3-A422-2D615BF44450}"
EndProject
Project("{FAE04EC0-301F-11D3-BF4B-00C04F79EFBC}") = "AverageNumber", "AverageNumber\AverageNumber.csproj", "{A9FC2370-7351-4F64-92C3-97F64959CB7C}"
EndProject
Project("{FAE04EC0-301F-11D3-BF4B-00C04F79EFBC}") = "PiggyBank", "PiggyBank\PiggyBank.csproj", "{64BD5570-89CE-45BD-BEFF-1743AD45AD7F}"
EndProject
Project("{FAE04EC0-301F-11D3-BF4B-00C04F79EFBC}") = "Calculator", "Calculator\Calculator.csproj", "{5C391C14-E6EB-424C-A188-E59BAEEFD82A}"
EndProject
Global
	GlobalSection(SolutionConfigurationPlatforms) = preSolution
		Debug|Any CPU = Debug|Any CPU
		Release|Any CPU = Release|Any CPU
	EndGlobalSection
	GlobalSection(ProjectConfigurationPlatforms) = postSolution
		{D0C43E8F-2FCA-4AF3-A422-2D615BF44450}.Debug|Any CPU.ActiveCfg = Debug|Any CPU
		{D0C43E8F-2FCA-4AF3-A422-2D615BF44450}.Debug|Any CPU.Build.0 = Debug|Any CPU
		{D0C43E8F-2FCA-4AF3-A422-2D615BF44450}.Release|Any CPU.ActiveCfg = Release|Any CPU
		{D0C43E8F-2FCA-4AF3-A422-2D615BF44450}.Release|Any CPU.Build.0 = Release|Any CPU
		{A9FC2370-7351-4F64-92C3-97F64959CB7C}.Debug|Any CPU.ActiveCfg = Debug|Any CPU
		{A9FC2370-7351-4F64-92C3-97F64959CB7C}.Debug|Any CPU.Build.0 = Debug|Any CPU
		{A9FC2370-7351-4F64-92C3-97F64959CB7C}.Release|Any CPU.ActiveCfg = Release|Any CPU
		{A9FC2370-7351-4F64-92C3-97F64959CB7C}.Release|Any CPU.Build.0 = Release|Any CPU
		{64BD5570-89CE-45BD-BEFF-1743AD45AD7F}.Debug|Any CPU.ActiveCfg = Debug|Any CPU
		{64BD5570-89CE-45BD-BEFF-1743AD45AD7F}.Debug|Any CPU.Build.0 = Debug|Any CPU
		{64BD5570-89CE-45BD-BEFF-1743AD45AD7F}.Release|Any CPU.ActiveCfg = Release|Any CPU
		{64BD5570-89CE-45BD-BEFF-1743AD45AD7F}.Release|Any CPU.Build.0 = Release|Any CPU
		{5C391C14-E6EB-424C-A188-E59BAEEFD82A}.Debug|Any CPU.ActiveCfg = Debug|Any CPU
		{5C391C14-E6EB-424C-A188-E59BAEEFD82A}.Debug|Any CPU.Build.0 = Debug|Any CPU
		{5C391C14-E6EB-424C-A188-E59BAEEFD82A}.Release|Any CPU.ActiveCfg = Release|Any CPU
		{5C391C14-E6EB-424C-A188-E59BAEEFD82A}.Release|Any CPU.Build.0 = Release|Any CPU
	EndGlobalSection
	GlobalSection(SolutionProperties) = preSolution
		HideSolutionNode = FALSE
	EndGlobalSection
	GlobalSection(ExtensibilityGlobals) = postSolution
		SolutionGuid = {46F484A0-96EA-47CB-A43F-CEC1A37BC1DB}
	EndGlobalSection
EndGlobal
